
Microsoft Visual Studio Solution File, Format Version 12.00
# Visual Studio Version 16
VisualStudioVersion = 16.0.30717.126
MinimumVisualStudioVersion = 10.0.40219.1
Project("{8BC9CEB8-8B4A-11D0-8D11-00A0C91BC942}") = "Project81.3", "Project81.3\Project81.3.vcxproj", "{569DF239-982F-4064-ADBD-D308E88A3403}"
EndProject
Global
	GlobalSection(SolutionConfigurationPlatforms) = preSolution
		Debug|x64 = Debug|x64
		Debug|x86 = Debug|x86
		Release|x64 = Release|x64
		Release|x86 = Release|x86
	EndGlobalSection
	GlobalSection(ProjectConfigurationPlatforms) = postSolution
		{569DF239-982F-4064-ADBD-D308E88A3403}.Debug|x64.ActiveCfg = Debug|x64
		{569DF239-982F-4064-ADBD-D308E88A3403}.Debug|x64.Build.0 = Debug|x64
		{569DF239-982F-4064-ADBD-D308E88A3403}.Debug|x86.ActiveCfg = Debug|Win32
		{569DF239-982F-4064-ADBD-D308E88A3403}.Debug|x86.Build.0 = Debug|Win32
		{569DF239-982F-4064-ADBD-D308E88A3403}.Release|x64.ActiveCfg = Release|x64
		{569DF239-982F-4064-ADBD-D308E88A3403}.Release|x64.Build.0 = Release|x64
		{569DF239-982F-4064-ADBD-D308E88A3403}.Release|x86.ActiveCfg = Release|Win32
		{569DF239-982F-4064-ADBD-D308E88A3403}.Release|x86.Build.0 = Release|Win32
	EndGlobalSection
	GlobalSection(SolutionProperties) = preSolution
		HideSolutionNode = FALSE
	EndGlobalSection
	GlobalSection(ExtensibilityGlobals) = postSolution
		SolutionGuid = {B832F708-9F94-4730-977D-0974F794067C}
	EndGlobalSection
EndGlobal
